
Microsoft Visual Studio Solution File, Format Version 12.00
# Visual Studio Version 16
VisualStudioVersion = 16.0.31729.503
MinimumVisualStudioVersion = 10.0.40219.1
Project("{8BC9CEB8-8B4A-11D0-8D11-00A0C91BC942}") = "10lab.BiTree", "10lab.BiTree.vcxproj", "{85A8BEEF-0AA1-4743-86B8-9185F676FC41}"
EndProject
Global
	GlobalSection(SolutionConfigurationPlatforms) = preSolution
		Debug|x64 = Debug|x64
		Debug|x86 = Debug|x86
		Release|x64 = Release|x64
		Release|x86 = Release|x86
	EndGlobalSection
	GlobalSection(ProjectConfigurationPlatforms) = postSolution
		{85A8BEEF-0AA1-4743-86B8-9185F676FC41}.Debug|x64.ActiveCfg = Debug|x64
		{85A8BEEF-0AA1-4743-86B8-9185F676FC41}.Debug|x64.Build.0 = Debug|x64
		{85A8BEEF-0AA1-4743-86B8-9185F676FC41}.Debug|x86.ActiveCfg = Debug|Win32
		{85A8BEEF-0AA1-4743-86B8-9185F676FC41}.Debug|x86.Build.0 = Debug|Win32
		{85A8BEEF-0AA1-4743-86B8-9185F676FC41}.Release|x64.ActiveCfg = Release|x64
		{85A8BEEF-0AA1-4743-86B8-9185F676FC41}.Release|x64.Build.0 = Release|x64
		{85A8BEEF-0AA1-4743-86B8-9185F676FC41}.Release|x86.ActiveCfg = Release|Win32
		{85A8BEEF-0AA1-4743-86B8-9185F676FC41}.Release|x86.Build.0 = Release|Win32
	EndGlobalSection
	GlobalSection(SolutionProperties) = preSolution
		HideSolutionNode = FALSE
	EndGlobalSection
	GlobalSection(ExtensibilityGlobals) = postSolution
		SolutionGuid = {72ED6C70-A2D7-45E5-9738-D3950079A1A5}
	EndGlobalSection
EndGlobal
