
Microsoft Visual Studio Solution File, Format Version 12.00
# Visual Studio Version 16
VisualStudioVersion = 16.0.31729.503
MinimumVisualStudioVersion = 10.0.40219.1
Project("{8BC9CEB8-8B4A-11D0-8D11-00A0C91BC942}") = "UnitTestTableOfYoung", "UnitTestTableOfYoung.vcxproj", "{52DDCA2A-71C3-4891-BBC9-8E1CBFBB2F22}"
EndProject
Global
	GlobalSection(SolutionConfigurationPlatforms) = preSolution
		Debug|x64 = Debug|x64
		Debug|x86 = Debug|x86
		Release|x64 = Release|x64
		Release|x86 = Release|x86
	EndGlobalSection
	GlobalSection(ProjectConfigurationPlatforms) = postSolution
		{52DDCA2A-71C3-4891-BBC9-8E1CBFBB2F22}.Debug|x64.ActiveCfg = Debug|x64
		{52DDCA2A-71C3-4891-BBC9-8E1CBFBB2F22}.Debug|x64.Build.0 = Debug|x64
		{52DDCA2A-71C3-4891-BBC9-8E1CBFBB2F22}.Debug|x86.ActiveCfg = Debug|Win32
		{52DDCA2A-71C3-4891-BBC9-8E1CBFBB2F22}.Debug|x86.Build.0 = Debug|Win32
		{52DDCA2A-71C3-4891-BBC9-8E1CBFBB2F22}.Release|x64.ActiveCfg = Release|x64
		{52DDCA2A-71C3-4891-BBC9-8E1CBFBB2F22}.Release|x64.Build.0 = Release|x64
		{52DDCA2A-71C3-4891-BBC9-8E1CBFBB2F22}.Release|x86.ActiveCfg = Release|Win32
		{52DDCA2A-71C3-4891-BBC9-8E1CBFBB2F22}.Release|x86.Build.0 = Release|Win32
	EndGlobalSection
	GlobalSection(SolutionProperties) = preSolution
		HideSolutionNode = FALSE
	EndGlobalSection
	GlobalSection(ExtensibilityGlobals) = postSolution
		SolutionGuid = {579D59F9-FEA3-4D13-A0F5-97671186FFB8}
	EndGlobalSection
EndGlobal
